
Microsoft Visual Studio Solution File, Format Version 12.00
# Visual Studio Version 16
VisualStudioVersion = 16.0.30011.22
MinimumVisualStudioVersion = 10.0.40219.1
Project("{FAE04EC0-301F-11D3-BF4B-00C04F79EFBC}") = "ConcurrentTestApp", "ConcurrentTestApp\ConcurrentTestApp.csproj", "{3240E6A6-EE19-499C-A806-C7707605A770}"
EndProject
Global
	GlobalSection(SolutionConfigurationPlatforms) = preSolution
		Debug|Any CPU = Debug|Any CPU
		Release|Any CPU = Release|Any CPU
	EndGlobalSection
	GlobalSection(ProjectConfigurationPlatforms) = postSolution
		{3240E6A6-EE19-499C-A806-C7707605A770}.Debug|Any CPU.ActiveCfg = Debug|Any CPU
		{3240E6A6-EE19-499C-A806-C7707605A770}.Debug|Any CPU.Build.0 = Debug|Any CPU
		{3240E6A6-EE19-499C-A806-C7707605A770}.Release|Any CPU.ActiveCfg = Release|Any CPU
		{3240E6A6-EE19-499C-A806-C7707605A770}.Release|Any CPU.Build.0 = Release|Any CPU
	EndGlobalSection
	GlobalSection(SolutionProperties) = preSolution
		HideSolutionNode = FALSE
	EndGlobalSection
	GlobalSection(ExtensibilityGlobals) = postSolution
		SolutionGuid = {1E7F53DA-F43A-4B0F-96FD-98F57A7B405A}
	EndGlobalSection
EndGlobal
